// !$*UTF8*$!
{
	archiveVersion = 1;
	classes = {
	};
	objectVersion = 51;
	objects = {

/* Begin PBXBuildFile section */
		9F2A410D263EAED8001A97C2 /* GoogleService-Info.plist in Resources */ = {isa = PBXBuildFile; fileRef = 9F2A410C263EAED7001A97C2 /* GoogleService-Info.plist */; };
		9F5F992C2650BA550045BCB5 /* EditViewController.swift in Sources */ = {isa = PBXBuildFile; fileRef = 9F5F992B2650BA550045BCB5 /* EditViewController.swift */; };
		9F6246A5262DBB8D003B0195 /* AppDelegate.swift in Sources */ = {isa = PBXBuildFile; fileRef = 9F6246A4262DBB8D003B0195 /* AppDelegate.swift */; };
		9F6246A7262DBB8D003B0195 /* SceneDelegate.swift in Sources */ = {isa = PBXBuildFile; fileRef = 9F6246A6262DBB8D003B0195 /* SceneDelegate.swift */; };
		9F6246A9262DBB8D003B0195 /* MainViewController.swift in Sources */ = {isa = PBXBuildFile; fileRef = 9F6246A8262DBB8D003B0195 /* MainViewController.swift */; };
		9F6246AC262DBB8D003B0195 /* Main.storyboard in Resources */ = {isa = PBXBuildFile; fileRef = 9F6246AA262DBB8D003B0195 /* Main.storyboard */; };
		9F6246AE262DBB90003B0195 /* Assets.xcassets in Resources */ = {isa = PBXBuildFile; fileRef = 9F6246AD262DBB90003B0195 /* Assets.xcassets */; };
		9F6246B1262DBB90003B0195 /* LaunchScreen.storyboard in Resources */ = {isa = PBXBuildFile; fileRef = 9F6246AF262DBB90003B0195 /* LaunchScreen.storyboard */; };
		9F7B6CAF269F0DA3006E6513 /* User.swift in Sources */ = {isa = PBXBuildFile; fileRef = 9F7B6CAE269F0DA3006E6513 /* User.swift */; };
		9F96DB2426A2F80C006BF0CA /* TaskCategory.swift in Sources */ = {isa = PBXBuildFile; fileRef = 9F96DB2326A2F80C006BF0CA /* TaskCategory.swift */; };
		9F985D492695DD900004A3B7 /* TaskPointModel.swift in Sources */ = {isa = PBXBuildFile; fileRef = 9F985D482695DD900004A3B7 /* TaskPointModel.swift */; };
		9FB80EFB26A92B92000D5D74 /* TableMainController.swift in Sources */ = {isa = PBXBuildFile; fileRef = 9FB80EFA26A92B92000D5D74 /* TableMainController.swift */; };
		9FD4E4062657BA990011F283 /* AllUserPointViewController.swift in Sources */ = {isa = PBXBuildFile; fileRef = 9FD4E4052657BA990011F283 /* AllUserPointViewController.swift */; };
		AD310E2148A6A7B5788AF1A1 /* Pods_HomeTaskApp.framework in Frameworks */ = {isa = PBXBuildFile; fileRef = DEB259D3702010514CB73930 /* Pods_HomeTaskApp.framework */; };
/* End PBXBuildFile section */

/* Begin PBXFileReference section */
		6BC07B3B1AB3719DDF341008 /* Pods-HomeTaskApp.release.xcconfig */ = {isa = PBXFileReference; includeInIndex = 1; lastKnownFileType = text.xcconfig; name = "Pods-HomeTaskApp.release.xcconfig"; path = "Target Support Files/Pods-HomeTaskApp/Pods-HomeTaskApp.release.xcconfig"; sourceTree = "<group>"; };
		9F2A410C263EAED7001A97C2 /* GoogleService-Info.plist */ = {isa = PBXFileReference; fileEncoding = 4; lastKnownFileType = text.plist.xml; name = "GoogleService-Info.plist"; path = "../../../../Downloads/GoogleService-Info.plist"; sourceTree = "<group>"; };
		9F5F992B2650BA550045BCB5 /* EditViewController.swift */ = {isa = PBXFileReference; lastKnownFileType = sourcecode.swift; path = EditViewController.swift; sourceTree = "<group>"; };
		9F6246A1262DBB8D003B0195 /* HomeTaskApp.app */ = {isa = PBXFileReference; explicitFileType = wrapper.application; includeInIndex = 0; path = HomeTaskApp.app; sourceTree = BUILT_PRODUCTS_DIR; };
		9F6246A4262DBB8D003B0195 /* AppDelegate.swift */ = {isa = PBXFileReference; lastKnownFileType = sourcecode.swift; path = AppDelegate.swift; sourceTree = "<group>"; };
		9F6246A6262DBB8D003B0195 /* SceneDelegate.swift */ = {isa = PBXFileReference; lastKnownFileType = sourcecode.swift; path = SceneDelegate.swift; sourceTree = "<group>"; };
		9F6246A8262DBB8D003B0195 /* MainViewController.swift */ = {isa = PBXFileReference; lastKnownFileType = sourcecode.swift; path = MainViewController.swift; sourceTree = "<group>"; };
		9F6246AB262DBB8D003B0195 /* Base */ = {isa = PBXFileReference; lastKnownFileType = file.storyboard; name = Base; path = Base.lproj/Main.storyboard; sourceTree = "<group>"; };
		9F6246AD262DBB90003B0195 /* Assets.xcassets */ = {isa = PBXFileReference; lastKnownFileType = folder.assetcatalog; path = Assets.xcassets; sourceTree = "<group>"; };
		9F6246B0262DBB90003B0195 /* Base */ = {isa = PBXFileReference; lastKnownFileType = file.storyboard; name = Base; path = Base.lproj/LaunchScreen.storyboard; sourceTree = "<group>"; };
		9F6246B2262DBB90003B0195 /* Info.plist */ = {isa = PBXFileReference; lastKnownFileType = text.plist.xml; path = Info.plist; sourceTree = "<group>"; };
		9F7B6CAE269F0DA3006E6513 /* User.swift */ = {isa = PBXFileReference; lastKnownFileType = sourcecode.swift; path = User.swift; sourceTree = "<group>"; };
		9F96DB2326A2F80C006BF0CA /* TaskCategory.swift */ = {isa = PBXFileReference; lastKnownFileType = sourcecode.swift; path = TaskCategory.swift; sourceTree = "<group>"; };
		9F985D482695DD900004A3B7 /* TaskPointModel.swift */ = {isa = PBXFileReference; lastKnownFileType = sourcecode.swift; path = TaskPointModel.swift; sourceTree = "<group>"; };
		9FB80EFA26A92B92000D5D74 /* TableMainController.swift */ = {isa = PBXFileReference; lastKnownFileType = sourcecode.swift; path = TableMainController.swift; sourceTree = "<group>"; };
		9FD4E4052657BA990011F283 /* AllUserPointViewController.swift */ = {isa = PBXFileReference; lastKnownFileType = sourcecode.swift; path = AllUserPointViewController.swift; sourceTree = "<group>"; };
		DEB259D3702010514CB73930 /* Pods_HomeTaskApp.framework */ = {isa = PBXFileReference; explicitFileType = wrapper.framework; includeInIndex = 0; path = Pods_HomeTaskApp.framework; sourceTree = BUILT_PRODUCTS_DIR; };
		E5203B2C84D89344EDEC4F60 /* Pods-HomeTaskApp.debug.xcconfig */ = {isa = PBXFileReference; includeInIndex = 1; lastKnownFileType = text.xcconfig; name = "Pods-HomeTaskApp.debug.xcconfig"; path = "Target Support Files/Pods-HomeTaskApp/Pods-HomeTaskApp.debug.xcconfig"; sourceTree = "<group>"; };
/* End PBXFileReference section */

/* Begin PBXFrameworksBuildPhase section */
		9F62469E262DBB8D003B0195 /* Frameworks */ = {
			isa = PBXFrameworksBuildPhase;
			buildActionMask = 2147483647;
			files = (
				AD310E2148A6A7B5788AF1A1 /* Pods_HomeTaskApp.framework in Frameworks */,
			);
			runOnlyForDeploymentPostprocessing = 0;
		};
/* End PBXFrameworksBuildPhase section */

/* Begin PBXGroup section */
		8021D369288F61F8609C4487 /* Frameworks */ = {
			isa = PBXGroup;
			children = (
				DEB259D3702010514CB73930 /* Pods_HomeTaskApp.framework */,
			);
			name = Frameworks;
			sourceTree = "<group>";
		};
		9F624698262DBB8D003B0195 = {
			isa = PBXGroup;
			children = (
				9F6246A3262DBB8D003B0195 /* HomeTaskApp */,
				9F6246A2262DBB8D003B0195 /* Products */,
				F5383A4770936B86FD5F56BA /* Pods */,
				8021D369288F61F8609C4487 /* Frameworks */,
			);
			sourceTree = "<group>";
		};
		9F6246A2262DBB8D003B0195 /* Products */ = {
			isa = PBXGroup;
			children = (
				9F6246A1262DBB8D003B0195 /* HomeTaskApp.app */,
			);
			name = Products;
			sourceTree = "<group>";
		};
		9F6246A3262DBB8D003B0195 /* HomeTaskApp */ = {
			isa = PBXGroup;
			children = (
				9FA9B7BA26C5517F00479722 /* Contents */,
				9F985D472695DCEB0004A3B7 /* Controller */,
				9F985D462695DCDA0004A3B7 /* View */,
				9F985D452695DCD10004A3B7 /* Model */,
				9F2A410C263EAED7001A97C2 /* GoogleService-Info.plist */,
				9F6246A4262DBB8D003B0195 /* AppDelegate.swift */,
				9F6246A6262DBB8D003B0195 /* SceneDelegate.swift */,
				9F6246AA262DBB8D003B0195 /* Main.storyboard */,
				9F6246AD262DBB90003B0195 /* Assets.xcassets */,
				9F6246AF262DBB90003B0195 /* LaunchScreen.storyboard */,
				9F6246B2262DBB90003B0195 /* Info.plist */,
			);
			path = HomeTaskApp;
			sourceTree = "<group>";
		};
		9F74B0A4269B125600A97264 /* Content */ = {
			isa = PBXGroup;
			children = (
			);
			path = Content;
			sourceTree = "<group>";
		};
		9F985D452695DCD10004A3B7 /* Model */ = {
			isa = PBXGroup;
			children = (
				9F7B6CAE269F0DA3006E6513 /* User.swift */,
				9F985D482695DD900004A3B7 /* TaskPointModel.swift */,
				9F96DB2326A2F80C006BF0CA /* TaskCategory.swift */,
			);
			path = Model;
			sourceTree = "<group>";
		};
		9F985D462695DCDA0004A3B7 /* View */ = {
			isa = PBXGroup;
			children = (
			);
			path = View;
			sourceTree = "<group>";
		};
		9F985D472695DCEB0004A3B7 /* Controller */ = {
			isa = PBXGroup;
			children = (
				9F74B0A4269B125600A97264 /* Content */,
				9F6246A8262DBB8D003B0195 /* MainViewController.swift */,
				9F5F992B2650BA550045BCB5 /* EditViewController.swift */,
				9FD4E4052657BA990011F283 /* AllUserPointViewController.swift */,
				9FB80EFA26A92B92000D5D74 /* TableMainController.swift */,
			);
			path = Controller;
			sourceTree = "<group>";
		};
		9FA9B7BA26C5517F00479722 /* Contents */ = {
			isa = PBXGroup;
			children = (
			);
			path = Contents;
			sourceTree = "<group>";
		};
		F5383A4770936B86FD5F56BA /* Pods */ = {
			isa = PBXGroup;
			children = (
				E5203B2C84D89344EDEC4F60 /* Pods-HomeTaskApp.debug.xcconfig */,
				6BC07B3B1AB3719DDF341008 /* Pods-HomeTaskApp.release.xcconfig */,
			);
			path = Pods;
			sourceTree = "<group>";
		};
/* End PBXGroup section */

/* Begin PBXNativeTarget section */
		9F6246A0262DBB8D003B0195 /* HomeTaskApp */ = {
			isa = PBXNativeTarget;
			buildConfigurationList = 9F6246B5262DBB90003B0195 /* Build configuration list for PBXNativeTarget "HomeTaskApp" */;
			buildPhases = (
				7B1E6021411824A19DDFAF97 /* [CP] Check Pods Manifest.lock */,
				9F62469D262DBB8D003B0195 /* Sources */,
				9F62469E262DBB8D003B0195 /* Frameworks */,
				9F62469F262DBB8D003B0195 /* Resources */,
				85BD58C8F648524F98B4AD25 /* [CP] Embed Pods Frameworks */,
			);
			buildRules = (
			);
			dependencies = (
			);
			name = HomeTaskApp;
			productName = HomeTaskApp;
			productReference = 9F6246A1262DBB8D003B0195 /* HomeTaskApp.app */;
			productType = "com.apple.product-type.application";
		};
/* End PBXNativeTarget section */

/* Begin PBXProject section */
		9F624699262DBB8D003B0195 /* Project object */ = {
			isa = PBXProject;
			attributes = {
				LastSwiftUpdateCheck = 1220;
				LastUpgradeCheck = 1220;
				TargetAttributes = {
					9F6246A0262DBB8D003B0195 = {
						CreatedOnToolsVersion = 12.2;
					};
				};
			};
			buildConfigurationList = 9F62469C262DBB8D003B0195 /* Build configuration list for PBXProject "HomeTaskApp" */;
			compatibilityVersion = "Xcode 9.3";
			developmentRegion = en;
			hasScannedForEncodings = 0;
			knownRegions = (
				en,
				Base,
			);
			mainGroup = 9F624698262DBB8D003B0195;
			productRefGroup = 9F6246A2262DBB8D003B0195 /* Products */;
			projectDirPath = "";
			projectRoot = "";
			targets = (
				9F6246A0262DBB8D003B0195 /* HomeTaskApp */,
			);
		};
/* End PBXProject section */

/* Begin PBXResourcesBuildPhase section */
		9F62469F262DBB8D003B0195 /* Resources */ = {
			isa = PBXResourcesBuildPhase;
			buildActionMask = 2147483647;
			files = (
				9F6246B1262DBB90003B0195 /* LaunchScreen.storyboard in Resources */,
				9F2A410D263EAED8001A97C2 /* GoogleService-Info.plist in Resources */,
				9F6246AE262DBB90003B0195 /* Assets.xcassets in Resources */,
				9F6246AC262DBB8D003B0195 /* Main.storyboard in Resources */,
			);
			runOnlyForDeploymentPostprocessing = 0;
		};
/* End PBXResourcesBuildPhase section */

/* Begin PBXShellScriptBuildPhase section */
		7B1E6021411824A19DDFAF97 /* [CP] Check Pods Manifest.lock */ = {
			isa = PBXShellScriptBuildPhase;
			buildActionMask = 2147483647;
			files = (
			);
			inputFileListPaths = (
			);
			inputPaths = (
				"${PODS_PODFILE_DIR_PATH}/Podfile.lock",
				"${PODS_ROOT}/Manifest.lock",
			);
			name = "[CP] Check Pods Manifest.lock";
			outputFileListPaths = (
			);
			outputPaths = (
				"$(DERIVED_FILE_DIR)/Pods-HomeTaskApp-checkManifestLockResult.txt",
			);
			runOnlyForDeploymentPostprocessing = 0;
			shellPath = /bin/sh;
			shellScript = "diff \"${PODS_PODFILE_DIR_PATH}/Podfile.lock\" \"${PODS_ROOT}/Manifest.lock\" > /dev/null\nif [ $? != 0 ] ; then\n    # print error to STDERR\n    echo \"error: The sandbox is not in sync with the Podfile.lock. Run 'pod install' or update your CocoaPods installation.\" >&2\n    exit 1\nfi\n# This output is used by Xcode 'outputs' to avoid re-running this script phase.\necho \"SUCCESS\" > \"${SCRIPT_OUTPUT_FILE_0}\"\n";
			showEnvVarsInLog = 0;
		};
		85BD58C8F648524F98B4AD25 /* [CP] Embed Pods Frameworks */ = {
			isa = PBXShellScriptBuildPhase;
			buildActionMask = 2147483647;
			files = (
			);
			inputFileListPaths = (
				"${PODS_ROOT}/Target Support Files/Pods-HomeTaskApp/Pods-HomeTaskApp-frameworks-${CONFIGURATION}-input-files.xcfilelist",
			);
			name = "[CP] Embed Pods Frameworks";
			outputFileListPaths = (
				"${PODS_ROOT}/Target Support Files/Pods-HomeTaskApp/Pods-HomeTaskApp-frameworks-${CONFIGURATION}-output-files.xcfilelist",
			);
			runOnlyForDeploymentPostprocessing = 0;
			shellPath = /bin/sh;
			shellScript = "\"${PODS_ROOT}/Target Support Files/Pods-HomeTaskApp/Pods-HomeTaskApp-frameworks.sh\"\n";
			showEnvVarsInLog = 0;
		};
/* End PBXShellScriptBuildPhase section */

/* Begin PBXSourcesBuildPhase section */
		9F62469D262DBB8D003B0195 /* Sources */ = {
			isa = PBXSourcesBuildPhase;
			buildActionMask = 2147483647;
			files = (
				9F985D492695DD900004A3B7 /* TaskPointModel.swift in Sources */,
				9F5F992C2650BA550045BCB5 /* EditViewController.swift in Sources */,
				9FD4E4062657BA990011F283 /* AllUserPointViewController.swift in Sources */,
				9F6246A9262DBB8D003B0195 /* MainViewController.swift in Sources */,
				9F6246A5262DBB8D003B0195 /* AppDelegate.swift in Sources */,
				9F6246A7262DBB8D003B0195 /* SceneDelegate.swift in Sources */,
				9F96DB2426A2F80C006BF0CA /* TaskCategory.swift in Sources */,
				9F7B6CAF269F0DA3006E6513 /* User.swift in Sources */,
				9FB80EFB26A92B92000D5D74 /* TableMainController.swift in Sources */,
			);
			runOnlyForDeploymentPostprocessing = 0;
		};
/* End PBXSourcesBuildPhase section */

/* Begin PBXVariantGroup section */
		9F6246AA262DBB8D003B0195 /* Main.storyboard */ = {
			isa = PBXVariantGroup;
			children = (
				9F6246AB262DBB8D003B0195 /* Base */,
			);
			name = Main.storyboard;
			sourceTree = "<group>";
		};
		9F6246AF262DBB90003B0195 /* LaunchScreen.storyboard */ = {
			isa = PBXVariantGroup;
			children = (
				9F6246B0262DBB90003B0195 /* Base */,
			);
			name = LaunchScreen.storyboard;
			sourceTree = "<group>";
		};
/* End PBXVariantGroup section */

/* Begin XCBuildConfiguration section */
		9F6246B3262DBB90003B0195 /* Debug */ = {
			isa = XCBuildConfiguration;
			buildSettings = {
				ALWAYS_SEARCH_USER_PATHS = NO;
				CLANG_ANALYZER_NONNULL = YES;
				CLANG_ANALYZER_NUMBER_OBJECT_CONVERSION = YES_AGGRESSIVE;
				CLANG_CXX_LANGUAGE_STANDARD = "gnu++14";
				CLANG_CXX_LIBRARY = "libc++";
				CLANG_ENABLE_MODULES = YES;
				CLANG_ENABLE_OBJC_ARC = YES;
				CLANG_ENABLE_OBJC_WEAK = YES;
				CLANG_WARN_BLOCK_CAPTURE_AUTORELEASING = YES;
				CLANG_WARN_BOOL_CONVERSION = YES;
				CLANG_WARN_COMMA = YES;
				CLANG_WARN_CONSTANT_CONVERSION = YES;
				CLANG_WARN_DEPRECATED_OBJC_IMPLEMENTATIONS = YES;
				CLANG_WARN_DIRECT_OBJC_ISA_USAGE = YES_ERROR;
				CLANG_WARN_DOCUMENTATION_COMMENTS = YES;
				CLANG_WARN_EMPTY_BODY = YES;
				CLANG_WARN_ENUM_CONVERSION = YES;
				CLANG_WARN_INFINITE_RECURSION = YES;
				CLANG_WARN_INT_CONVERSION = YES;
				CLANG_WARN_NON_LITERAL_NULL_CONVERSION = YES;
				CLANG_WARN_OBJC_IMPLICIT_RETAIN_SELF = YES;
				CLANG_WARN_OBJC_LITERAL_CONVERSION = YES;
				CLANG_WARN_OBJC_ROOT_CLASS = YES_ERROR;
				CLANG_WARN_QUOTED_INCLUDE_IN_FRAMEWORK_HEADER = YES;
				CLANG_WARN_RANGE_LOOP_ANALYSIS = YES;
				CLANG_WARN_STRICT_PROTOTYPES = YES;
				CLANG_WARN_SUSPICIOUS_MOVE = YES;
				CLANG_WARN_UNGUARDED_AVAILABILITY = YES_AGGRESSIVE;
				CLANG_WARN_UNREACHABLE_CODE = YES;
				CLANG_WARN__DUPLICATE_METHOD_MATCH = YES;
				COPY_PHASE_STRIP = NO;
				DEBUG_INFORMATION_FORMAT = dwarf;
				ENABLE_STRICT_OBJC_MSGSEND = YES;
				ENABLE_TESTABILITY = YES;
				GCC_C_LANGUAGE_STANDARD = gnu11;
				GCC_DYNAMIC_NO_PIC = NO;
				GCC_NO_COMMON_BLOCKS = YES;
				GCC_OPTIMIZATION_LEVEL = 0;
				GCC_PREPROCESSOR_DEFINITIONS = (
					"DEBUG=1",
					"$(inherited)",
				);
				GCC_WARN_64_TO_32_BIT_CONVERSION = YES;
				GCC_WARN_ABOUT_RETURN_TYPE = YES_ERROR;
				GCC_WARN_UNDECLARED_SELECTOR = YES;
				GCC_WARN_UNINITIALIZED_AUTOS = YES_AGGRESSIVE;
				GCC_WARN_UNUSED_FUNCTION = YES;
				GCC_WARN_UNUSED_VARIABLE = YES;
				IPHONEOS_DEPLOYMENT_TARGET = 14.2;
				MTL_ENABLE_DEBUG_INFO = INCLUDE_SOURCE;
				MTL_FAST_MATH = YES;
				ONLY_ACTIVE_ARCH = YES;
				SDKROOT = iphoneos;
				SWIFT_ACTIVE_COMPILATION_CONDITIONS = DEBUG;
				SWIFT_OPTIMIZATION_LEVEL = "-Onone";
			};
			name = Debug;
		};
		9F6246B4262DBB90003B0195 /* Release */ = {
			isa = XCBuildConfiguration;
			buildSettings = {
				ALWAYS_SEARCH_USER_PATHS = NO;
				CLANG_ANALYZER_NONNULL = YES;
				CLANG_ANALYZER_NUMBER_OBJECT_CONVERSION = YES_AGGRESSIVE;
				CLANG_CXX_LANGUAGE_STANDARD = "gnu++14";
				CLANG_CXX_LIBRARY = "libc++";
				CLANG_ENABLE_MODULES = YES;
				CLANG_ENABLE_OBJC_ARC = YES;
				CLANG_ENABLE_OBJC_WEAK = YES;
				CLANG_WARN_BLOCK_CAPTURE_AUTORELEASING = YES;
				CLANG_WARN_BOOL_CONVERSION = YES;
				CLANG_WARN_COMMA = YES;
				CLANG_WARN_CONSTANT_CONVERSION = YES;
				CLANG_WARN_DEPRECATED_OBJC_IMPLEMENTATIONS = YES;
				CLANG_WARN_DIRECT_OBJC_ISA_USAGE = YES_ERROR;
				CLANG_WARN_DOCUMENTATION_COMMENTS = YES;
				CLANG_WARN_EMPTY_BODY = YES;
				CLANG_WARN_ENUM_CONVERSION = YES;
				CLANG_WARN_INFINITE_RECURSION = YES;
				CLANG_WARN_INT_CONVERSION = YES;
				CLANG_WARN_NON_LITERAL_NULL_CONVERSION = YES;
				CLANG_WARN_OBJC_IMPLICIT_RETAIN_SELF = YES;
				CLANG_WARN_OBJC_LITERAL_CONVERSION = YES;
				CLANG_WARN_OBJC_ROOT_CLASS = YES_ERROR;
				CLANG_WARN_QUOTED_INCLUDE_IN_FRAMEWORK_HEADER = YES;
				CLANG_WARN_RANGE_LOOP_ANALYSIS = YES;
				CLANG_WARN_STRICT_PROTOTYPES = YES;
				CLANG_WARN_SUSPICIOUS_MOVE = YES;
				CLANG_WARN_UNGUARDED_AVAILABILITY = YES_AGGRESSIVE;
				CLANG_WARN_UNREACHABLE_CODE = YES;
				CLANG_WARN__DUPLICATE_METHOD_MATCH = YES;
				COPY_PHASE_STRIP = NO;
				DEBUG_INFORMATION_FORMAT = "dwarf-with-dsym";
				ENABLE_NS_ASSERTIONS = NO;
				ENABLE_STRICT_OBJC_MSGSEND = YES;
				GCC_C_LANGUAGE_STANDARD = gnu11;
				GCC_NO_COMMON_BLOCKS = YES;
				GCC_WARN_64_TO_32_BIT_CONVERSION = YES;
				GCC_WARN_ABOUT_RETURN_TYPE = YES_ERROR;
				GCC_WARN_UNDECLARED_SELECTOR = YES;
				GCC_WARN_UNINITIALIZED_AUTOS = YES_AGGRESSIVE;
				GCC_WARN_UNUSED_FUNCTION = YES;
				GCC_WARN_UNUSED_VARIABLE = YES;
				IPHONEOS_DEPLOYMENT_TARGET = 14.2;
				MTL_ENABLE_DEBUG_INFO = NO;
				MTL_FAST_MATH = YES;
				SDKROOT = iphoneos;
				SWIFT_COMPILATION_MODE = wholemodule;
				SWIFT_OPTIMIZATION_LEVEL = "-O";
				VALIDATE_PRODUCT = YES;
			};
			name = Release;
		};
		9F6246B6262DBB90003B0195 /* Debug */ = {
			isa = XCBuildConfiguration;
			baseConfigurationReference = E5203B2C84D89344EDEC4F60 /* Pods-HomeTaskApp.debug.xcconfig */;
			buildSettings = {
				ASSETCATALOG_COMPILER_APPICON_NAME = AppIcon;
				ASSETCATALOG_COMPILER_GLOBAL_ACCENT_COLOR_NAME = AccentColor;
				CODE_SIGN_STYLE = Automatic;
				DEVELOPMENT_TEAM = 44SQBVTPVY;
				INFOPLIST_FILE = HomeTaskApp/Info.plist;
				IPHONEOS_DEPLOYMENT_TARGET = 14.4;
				LD_RUNPATH_SEARCH_PATHS = (
					"$(inherited)",
					"@executable_path/Frameworks",
				);
				PRODUCT_BUNDLE_IDENTIFIER = com.naorandd.HomeTaskApp;
				PRODUCT_NAME = "$(TARGET_NAME)";
				SWIFT_VERSION = 5.0;
				TARGETED_DEVICE_FAMILY = "1,2";
			};
			name = Debug;
		};
		9F6246B7262DBB90003B0195 /* Release */ = {
			isa = XCBuildConfiguration;
			baseConfigurationReference = 6BC07B3B1AB3719DDF341008 /* Pods-HomeTaskApp.release.xcconfig */;
			buildSettings = {
				ASSETCATALOG_COMPILER_APPICON_NAME = AppIcon;
				ASSETCATALOG_COMPILER_GLOBAL_ACCENT_COLOR_NAME = AccentColor;
				CODE_SIGN_STYLE = Automatic;
				DEVELOPMENT_TEAM = 44SQBVTPVY;
				INFOPLIST_FILE = HomeTaskApp/Info.plist;
				IPHONEOS_DEPLOYMENT_TARGET = 14.4;
				LD_RUNPATH_SEARCH_PATHS = (
					"$(inherited)",
					"@executable_path/Frameworks",
				);
				PRODUCT_BUNDLE_IDENTIFIER = com.naorandd.HomeTaskApp;
				PRODUCT_NAME = "$(TARGET_NAME)";
				SWIFT_VERSION = 5.0;
				TARGETED_DEVICE_FAMILY = "1,2";
			};
			name = Release;
		};
/* End XCBuildConfiguration section */

/* Begin XCConfigurationList section */
		9F62469C262DBB8D003B0195 /* Build configuration list for PBXProject "HomeTaskApp" */ = {
			isa = XCConfigurationList;
			buildConfigurations = (
				9F6246B3262DBB90003B0195 /* Debug */,
				9F6246B4262DBB90003B0195 /* Release */,
			);
			defaultConfigurationIsVisible = 0;
			defaultConfigurationName = Release;
		};
		9F6246B5262DBB90003B0195 /* Build configuration list for PBXNativeTarget "HomeTaskApp" */ = {
			isa = XCConfigurationList;
			buildConfigurations = (
				9F6246B6262DBB90003B0195 /* Debug */,
				9F6246B7262DBB90003B0195 /* Release */,
			);
			defaultConfigurationIsVisible = 0;
			defaultConfigurationName = Release;
		};
/* End XCConfigurationList section */
	};
	rootObject = 9F624699262DBB8D003B0195 /* Project object */;
}
